Microsoft Visual Studio Solution File, Format Version 11.00
# Visual Studio 2008

Project("{C2E3695B-FFEC-E7C0-853A-B7E95621B1CA}") = "illumiball", "Assembly-CSharp.csproj", "{EF161F68-D3E7-3A7C-DA2E-C376DA40D3CE}"
EndProject
Global
	GlobalSection(SolutionConfigurationPlatforms) = preSolution
		Debug|Any CPU = Debug|Any CPU
		Release|Any CPU = Release|Any CPU
	EndGlobalSection
	GlobalSection(ProjectConfigurationPlatforms) = postSolution
		{EF161F68-D3E7-3A7C-DA2E-C376DA40D3CE}.Debug|Any CPU.ActiveCfg = Debug|Any CPU
		{EF161F68-D3E7-3A7C-DA2E-C376DA40D3CE}.Debug|Any CPU.Build.0 = Debug|Any CPU
		{EF161F68-D3E7-3A7C-DA2E-C376DA40D3CE}.Release|Any CPU.ActiveCfg = Release|Any CPU
		{EF161F68-D3E7-3A7C-DA2E-C376DA40D3CE}.Release|Any CPU.Build.0 = Release|Any CPU
	EndGlobalSection
	GlobalSection(SolutionProperties) = preSolution
		HideSolutionNode = FALSE
	EndGlobalSection
	GlobalSection(MonoDevelopProperties) = preSolution
		StartupItem = Assembly-CSharp.csproj
	EndGlobalSection
EndGlobal
